// !$*UTF8*$!
{
	archiveVersion = 1;
	classes = {
	};
	objectVersion = 56;
	objects = {

/* Begin PBXBuildFile section */
		933B437C2BD3F6440099E4F8 /* AppDelegate.swift in Sources */ = {isa = PBXBuildFile; fileRef = 933B437B2BD3F6440099E4F8 /* AppDelegate.swift */; };
		933B437E2BD3F6450099E4F8 /* SceneDelegate.swift in Sources */ = {isa = PBXBuildFile; fileRef = 933B437D2BD3F6450099E4F8 /* SceneDelegate.swift */; };
		933B43802BD3F6450099E4F8 /* MainView.swift in Sources */ = {isa = PBXBuildFile; fileRef = 933B437F2BD3F6450099E4F8 /* MainView.swift */; };
		933B43832BD3F6450099E4F8 /* Base in Resources */ = {isa = PBXBuildFile; fileRef = 933B43822BD3F6450099E4F8 /* Base */; };
		933B43852BD3F6460099E4F8 /* Assets.xcassets in Resources */ = {isa = PBXBuildFile; fileRef = 933B43842BD3F6460099E4F8 /* Assets.xcassets */; };
		933B43882BD3F6460099E4F8 /* Base in Resources */ = {isa = PBXBuildFile; fileRef = 933B43872BD3F6460099E4F8 /* Base */; };
		933B43932BD3F6460099E4F8 /* NewsPaperTests.swift in Sources */ = {isa = PBXBuildFile; fileRef = 933B43922BD3F6460099E4F8 /* NewsPaperTests.swift */; };
		933B439D2BD3F6460099E4F8 /* NewsPaperUITests.swift in Sources */ = {isa = PBXBuildFile; fileRef = 933B439C2BD3F6460099E4F8 /* NewsPaperUITests.swift */; };
		933B439F2BD3F6460099E4F8 /* NewsPaperUITestsLaunchTests.swift in Sources */ = {isa = PBXBuildFile; fileRef = 933B439E2BD3F6460099E4F8 /* NewsPaperUITestsLaunchTests.swift */; };
		933B43AE2BD3F8110099E4F8 /* BaseView.swift in Sources */ = {isa = PBXBuildFile; fileRef = 933B43AD2BD3F8110099E4F8 /* BaseView.swift */; };
		933B43B12BD3F86F0099E4F8 /* CallManager.swift in Sources */ = {isa = PBXBuildFile; fileRef = 933B43B02BD3F86F0099E4F8 /* CallManager.swift */; };
		933B43B32BD3F8800099E4F8 /* DefineItem.swift in Sources */ = {isa = PBXBuildFile; fileRef = 933B43B22BD3F8800099E4F8 /* DefineItem.swift */; };
		933B43B52BD3F8950099E4F8 /* TypeManager.swift in Sources */ = {isa = PBXBuildFile; fileRef = 933B43B42BD3F8950099E4F8 /* TypeManager.swift */; };
		933B43B92BD3F8A60099E4F8 /* RequestInfo.swift in Sources */ = {isa = PBXBuildFile; fileRef = 933B43B82BD3F8A60099E4F8 /* RequestInfo.swift */; };
		933B43BB2BD3F8AC0099E4F8 /* ResponseInfo.swift in Sources */ = {isa = PBXBuildFile; fileRef = 933B43BA2BD3F8AC0099E4F8 /* ResponseInfo.swift */; };
		933B43BD2BD3FB560099E4F8 /* NewsItem.swift in Sources */ = {isa = PBXBuildFile; fileRef = 933B43BC2BD3FB560099E4F8 /* NewsItem.swift */; };
		933B43BF2BD3FD800099E4F8 /* Extensions.swift in Sources */ = {isa = PBXBuildFile; fileRef = 933B43BE2BD3FD800099E4F8 /* Extensions.swift */; };
		933B43C12BD3FEB20099E4F8 /* LogManager.swift in Sources */ = {isa = PBXBuildFile; fileRef = 933B43C02BD3FEB20099E4F8 /* LogManager.swift */; };
		933B43C32BD3FEC20099E4F8 /* ToolManager.swift in Sources */ = {isa = PBXBuildFile; fileRef = 933B43C22BD3FEC20099E4F8 /* ToolManager.swift */; };
		93782EA72BD41179006C75D6 /* DataManager.swift in Sources */ = {isa = PBXBuildFile; fileRef = 93782EA62BD41179006C75D6 /* DataManager.swift */; };
		93A62FD32BD49ECC00E2C694 /* NewsViewModel.swift in Sources */ = {isa = PBXBuildFile; fileRef = 93A62FD22BD49ECC00E2C694 /* NewsViewModel.swift */; };
		B868BCEE12A5C687608D27E9 /* Pods_NewsPaper_NewsPaperUITests.framework in Frameworks */ = {isa = PBXBuildFile; fileRef = 92BEA99D295F4DDBF0FF8C6B /* Pods_NewsPaper_NewsPaperUITests.framework */; };
		BFF70AC03B3EC7FF75616393 /* Pods_NewsPaper.framework in Frameworks */ = {isa = PBXBuildFile; fileRef = 2D9A0C0FC95B39B35C6ECB3F /* Pods_NewsPaper.framework */; };
		F1A07CFD3F4CA6EFDB8025FE /* Pods_NewsPaperTests.framework in Frameworks */ = {isa = PBXBuildFile; fileRef = 22F22943B372EE46BB924808 /* Pods_NewsPaperTests.framework */; };
/* End PBXBuildFile section */

/* Begin PBXContainerItemProxy section */
		933B438F2BD3F6460099E4F8 /* PBXContainerItemProxy */ = {
			isa = PBXContainerItemProxy;
			containerPortal = 933B43702BD3F6440099E4F8 /* Project object */;
			proxyType = 1;
			remoteGlobalIDString = 933B43772BD3F6440099E4F8;
			remoteInfo = NewsPaper;
		};
		933B43992BD3F6460099E4F8 /* PBXContainerItemProxy */ = {
			isa = PBXContainerItemProxy;
			containerPortal = 933B43702BD3F6440099E4F8 /* Project object */;
			proxyType = 1;
			remoteGlobalIDString = 933B43772BD3F6440099E4F8;
			remoteInfo = NewsPaper;
		};
/* End PBXContainerItemProxy section */

/* Begin PBXFileReference section */
		1E2182763BEBE27ED7B2700A /* Pods-NewsPaper.debug.xcconfig */ = {isa = PBXFileReference; includeInIndex = 1; lastKnownFileType = text.xcconfig; name = "Pods-NewsPaper.debug.xcconfig"; path = "Target Support Files/Pods-NewsPaper/Pods-NewsPaper.debug.xcconfig"; sourceTree = "<group>"; };
		22F22943B372EE46BB924808 /* Pods_NewsPaperTests.framework */ = {isa = PBXFileReference; explicitFileType = wrapper.framework; includeInIndex = 0; path = Pods_NewsPaperTests.framework; sourceTree = BUILT_PRODUCTS_DIR; };
		2D9A0C0FC95B39B35C6ECB3F /* Pods_NewsPaper.framework */ = {isa = PBXFileReference; explicitFileType = wrapper.framework; includeInIndex = 0; path = Pods_NewsPaper.framework; sourceTree = BUILT_PRODUCTS_DIR; };
		5189189F66BDA130D261D3F7 /* Pods-NewsPaperTests.release.xcconfig */ = {isa = PBXFileReference; includeInIndex = 1; lastKnownFileType = text.xcconfig; name = "Pods-NewsPaperTests.release.xcconfig"; path = "Target Support Files/Pods-NewsPaperTests/Pods-NewsPaperTests.release.xcconfig"; sourceTree = "<group>"; };
		83B48BD9CAAF428D0CBA90D4 /* Pods-NewsPaperTests.debug.xcconfig */ = {isa = PBXFileReference; includeInIndex = 1; lastKnownFileType = text.xcconfig; name = "Pods-NewsPaperTests.debug.xcconfig"; path = "Target Support Files/Pods-NewsPaperTests/Pods-NewsPaperTests.debug.xcconfig"; sourceTree = "<group>"; };
		92BEA99D295F4DDBF0FF8C6B /* Pods_NewsPaper_NewsPaperUITests.framework */ = {isa = PBXFileReference; explicitFileType = wrapper.framework; includeInIndex = 0; path = Pods_NewsPaper_NewsPaperUITests.framework; sourceTree = BUILT_PRODUCTS_DIR; };
		933B43782BD3F6440099E4F8 /* NewsPaper.app */ = {isa = PBXFileReference; explicitFileType = wrapper.application; includeInIndex = 0; path = NewsPaper.app; sourceTree = BUILT_PRODUCTS_DIR; };
		933B437B2BD3F6440099E4F8 /* AppDelegate.swift */ = {isa = PBXFileReference; lastKnownFileType = sourcecode.swift; path = AppDelegate.swift; sourceTree = "<group>"; };
		933B437D2BD3F6450099E4F8 /* SceneDelegate.swift */ = {isa = PBXFileReference; lastKnownFileType = sourcecode.swift; path = SceneDelegate.swift; sourceTree = "<group>"; };
		933B437F2BD3F6450099E4F8 /* MainView.swift */ = {isa = PBXFileReference; lastKnownFileType = sourcecode.swift; path = MainView.swift; sourceTree = "<group>"; };
		933B43822BD3F6450099E4F8 /* Base */ = {isa = PBXFileReference; lastKnownFileType = file.storyboard; name = Base; path = Base.lproj/Main.storyboard; sourceTree = "<group>"; };
		933B43842BD3F6460099E4F8 /* Assets.xcassets */ = {isa = PBXFileReference; lastKnownFileType = folder.assetcatalog; path = Assets.xcassets; sourceTree = "<group>"; };
		933B43872BD3F6460099E4F8 /* Base */ = {isa = PBXFileReference; lastKnownFileType = file.storyboard; name = Base; path = Base.lproj/LaunchScreen.storyboard; sourceTree = "<group>"; };
		933B43892BD3F6460099E4F8 /* Info.plist */ = {isa = PBXFileReference; lastKnownFileType = text.plist.xml; path = Info.plist; sourceTree = "<group>"; };
		933B438E2BD3F6460099E4F8 /* NewsPaperTests.xctest */ = {isa = PBXFileReference; explicitFileType = wrapper.cfbundle; includeInIndex = 0; path = NewsPaperTests.xctest; sourceTree = BUILT_PRODUCTS_DIR; };
		933B43922BD3F6460099E4F8 /* NewsPaperTests.swift */ = {isa = PBXFileReference; lastKnownFileType = sourcecode.swift; path = NewsPaperTests.swift; sourceTree = "<group>"; };
		933B43982BD3F6460099E4F8 /* NewsPaperUITests.xctest */ = {isa = PBXFileReference; explicitFileType = wrapper.cfbundle; includeInIndex = 0; path = NewsPaperUITests.xctest; sourceTree = BUILT_PRODUCTS_DIR; };
		933B439C2BD3F6460099E4F8 /* NewsPaperUITests.swift */ = {isa = PBXFileReference; lastKnownFileType = sourcecode.swift; path = NewsPaperUITests.swift; sourceTree = "<group>"; };
		933B439E2BD3F6460099E4F8 /* NewsPaperUITestsLaunchTests.swift */ = {isa = PBXFileReference; lastKnownFileType = sourcecode.swift; path = NewsPaperUITestsLaunchTests.swift; sourceTree = "<group>"; };
		933B43AD2BD3F8110099E4F8 /* BaseView.swift */ = {isa = PBXFileReference; lastKnownFileType = sourcecode.swift; path = BaseView.swift; sourceTree = "<group>"; };
		933B43B02BD3F86F0099E4F8 /* CallManager.swift */ = {isa = PBXFileReference; lastKnownFileType = sourcecode.swift; path = CallManager.swift; sourceTree = "<group>"; };
		933B43B22BD3F8800099E4F8 /* DefineItem.swift */ = {isa = PBXFileReference; lastKnownFileType = sourcecode.swift; path = DefineItem.swift; sourceTree = "<group>"; };
		933B43B42BD3F8950099E4F8 /* TypeManager.swift */ = {isa = PBXFileReference; lastKnownFileType = sourcecode.swift; path = TypeManager.swift; sourceTree = "<group>"; };
		933B43B82BD3F8A60099E4F8 /* RequestInfo.swift */ = {isa = PBXFileReference; lastKnownFileType = sourcecode.swift; path = RequestInfo.swift; sourceTree = "<group>"; };
		933B43BA2BD3F8AC0099E4F8 /* ResponseInfo.swift */ = {isa = PBXFileReference; lastKnownFileType = sourcecode.swift; path = ResponseInfo.swift; sourceTree = "<group>"; };
		933B43BC2BD3FB560099E4F8 /* NewsItem.swift */ = {isa = PBXFileReference; lastKnownFileType = sourcecode.swift; path = NewsItem.swift; sourceTree = "<group>"; };
		933B43BE2BD3FD800099E4F8 /* Extensions.swift */ = {isa = PBXFileReference; lastKnownFileType = sourcecode.swift; path = Extensions.swift; sourceTree = "<group>"; };
		933B43C02BD3FEB20099E4F8 /* LogManager.swift */ = {isa = PBXFileReference; lastKnownFileType = sourcecode.swift; path = LogManager.swift; sourceTree = "<group>"; };
		933B43C22BD3FEC20099E4F8 /* ToolManager.swift */ = {isa = PBXFileReference; lastKnownFileType = sourcecode.swift; path = ToolManager.swift; sourceTree = "<group>"; };
		93782EA62BD41179006C75D6 /* DataManager.swift */ = {isa = PBXFileReference; lastKnownFileType = sourcecode.swift; path = DataManager.swift; sourceTree = "<group>"; };
		93A62FD22BD49ECC00E2C694 /* NewsViewModel.swift */ = {isa = PBXFileReference; lastKnownFileType = sourcecode.swift; path = NewsViewModel.swift; sourceTree = "<group>"; };
		C47905EDBDBE6A0AC12D6783 /* Pods-NewsPaper-NewsPaperUITests.debug.xcconfig */ = {isa = PBXFileReference; includeInIndex = 1; lastKnownFileType = text.xcconfig; name = "Pods-NewsPaper-NewsPaperUITests.debug.xcconfig"; path = "Target Support Files/Pods-NewsPaper-NewsPaperUITests/Pods-NewsPaper-NewsPaperUITests.debug.xcconfig"; sourceTree = "<group>"; };
		E2203714441EA4BDA6F9CF9D /* Pods-NewsPaper-NewsPaperUITests.release.xcconfig */ = {isa = PBXFileReference; includeInIndex = 1; lastKnownFileType = text.xcconfig; name = "Pods-NewsPaper-NewsPaperUITests.release.xcconfig"; path = "Target Support Files/Pods-NewsPaper-NewsPaperUITests/Pods-NewsPaper-NewsPaperUITests.release.xcconfig"; sourceTree = "<group>"; };
		E9226CA7B6CA0820B1A2EC73 /* Pods-NewsPaper.release.xcconfig */ = {isa = PBXFileReference; includeInIndex = 1; lastKnownFileType = text.xcconfig; name = "Pods-NewsPaper.release.xcconfig"; path = "Target Support Files/Pods-NewsPaper/Pods-NewsPaper.release.xcconfig"; sourceTree = "<group>"; };
/* End PBXFileReference section */

/* Begin PBXFrameworksBuildPhase section */
		933B43752BD3F6440099E4F8 /* Frameworks */ = {
			isa = PBXFrameworksBuildPhase;
			buildActionMask = 2147483647;
			files = (
				BFF70AC03B3EC7FF75616393 /* Pods_NewsPaper.framework in Frameworks */,
			);
			runOnlyForDeploymentPostprocessing = 0;
		};
		933B438B2BD3F6460099E4F8 /* Frameworks */ = {
			isa = PBXFrameworksBuildPhase;
			buildActionMask = 2147483647;
			files = (
				F1A07CFD3F4CA6EFDB8025FE /* Pods_NewsPaperTests.framework in Frameworks */,
			);
			runOnlyForDeploymentPostprocessing = 0;
		};
		933B43952BD3F6460099E4F8 /* Frameworks */ = {
			isa = PBXFrameworksBuildPhase;
			buildActionMask = 2147483647;
			files = (
				B868BCEE12A5C687608D27E9 /* Pods_NewsPaper_NewsPaperUITests.framework in Frameworks */,
			);
			runOnlyForDeploymentPostprocessing = 0;
		};
/* End PBXFrameworksBuildPhase section */

/* Begin PBXGroup section */
		387E3671C11715D05F31C2B3 /* Frameworks */ = {
			isa = PBXGroup;
			children = (
				2D9A0C0FC95B39B35C6ECB3F /* Pods_NewsPaper.framework */,
				92BEA99D295F4DDBF0FF8C6B /* Pods_NewsPaper_NewsPaperUITests.framework */,
				22F22943B372EE46BB924808 /* Pods_NewsPaperTests.framework */,
			);
			name = Frameworks;
			sourceTree = "<group>";
		};
		8F8FFA4DBD26963AF21523DD /* Pods */ = {
			isa = PBXGroup;
			children = (
				1E2182763BEBE27ED7B2700A /* Pods-NewsPaper.debug.xcconfig */,
				E9226CA7B6CA0820B1A2EC73 /* Pods-NewsPaper.release.xcconfig */,
				C47905EDBDBE6A0AC12D6783 /* Pods-NewsPaper-NewsPaperUITests.debug.xcconfig */,
				E2203714441EA4BDA6F9CF9D /* Pods-NewsPaper-NewsPaperUITests.release.xcconfig */,
				83B48BD9CAAF428D0CBA90D4 /* Pods-NewsPaperTests.debug.xcconfig */,
				5189189F66BDA130D261D3F7 /* Pods-NewsPaperTests.release.xcconfig */,
			);
			path = Pods;
			sourceTree = "<group>";
		};
		933B436F2BD3F6440099E4F8 = {
			isa = PBXGroup;
			children = (
				933B437A2BD3F6440099E4F8 /* NewsPaper */,
				933B43912BD3F6460099E4F8 /* NewsPaperTests */,
				933B439B2BD3F6460099E4F8 /* NewsPaperUITests */,
				933B43792BD3F6440099E4F8 /* Products */,
				8F8FFA4DBD26963AF21523DD /* Pods */,
				387E3671C11715D05F31C2B3 /* Frameworks */,
			);
			sourceTree = "<group>";
		};
		933B43792BD3F6440099E4F8 /* Products */ = {
			isa = PBXGroup;
			children = (
				933B43782BD3F6440099E4F8 /* NewsPaper.app */,
				933B438E2BD3F6460099E4F8 /* NewsPaperTests.xctest */,
				933B43982BD3F6460099E4F8 /* NewsPaperUITests.xctest */,
			);
			name = Products;
			sourceTree = "<group>";
		};
		933B437A2BD3F6440099E4F8 /* NewsPaper */ = {
			isa = PBXGroup;
			children = (
				933B43B62BD3F8980099E4F8 /* item */,
				933B43AF2BD3F8680099E4F8 /* mng */,
				933B43AC2BD3F80A0099E4F8 /* base */,
				93A62FD22BD49ECC00E2C694 /* NewsViewModel.swift */,
				933B437F2BD3F6450099E4F8 /* MainView.swift */,
				933B43812BD3F6450099E4F8 /* Main.storyboard */,
				933B43AB2BD3F70A0099E4F8 /* SupportFiles */,
			);
			path = NewsPaper;
			sourceTree = "<group>";
		};
		933B43912BD3F6460099E4F8 /* NewsPaperTests */ = {
			isa = PBXGroup;
			children = (
				933B43922BD3F6460099E4F8 /* NewsPaperTests.swift */,
			);
			path = NewsPaperTests;
			sourceTree = "<group>";
		};
		933B439B2BD3F6460099E4F8 /* NewsPaperUITests */ = {
			isa = PBXGroup;
			children = (
				933B439C2BD3F6460099E4F8 /* NewsPaperUITests.swift */,
				933B439E2BD3F6460099E4F8 /* NewsPaperUITestsLaunchTests.swift */,
			);
			path = NewsPaperUITests;
			sourceTree = "<group>";
		};
		933B43AB2BD3F70A0099E4F8 /* SupportFiles */ = {
			isa = PBXGroup;
			children = (
				933B437B2BD3F6440099E4F8 /* AppDelegate.swift */,
				933B437D2BD3F6450099E4F8 /* SceneDelegate.swift */,
				933B43842BD3F6460099E4F8 /* Assets.xcassets */,
				933B43862BD3F6460099E4F8 /* LaunchScreen.storyboard */,
				933B43892BD3F6460099E4F8 /* Info.plist */,
			);
			path = SupportFiles;
			sourceTree = "<group>";
		};
		933B43AC2BD3F80A0099E4F8 /* base */ = {
			isa = PBXGroup;
			children = (
				933B43AD2BD3F8110099E4F8 /* BaseView.swift */,
				933B43B22BD3F8800099E4F8 /* DefineItem.swift */,
			);
			path = base;
			sourceTree = "<group>";
		};
		933B43AF2BD3F8680099E4F8 /* mng */ = {
			isa = PBXGroup;
			children = (
				933B43B02BD3F86F0099E4F8 /* CallManager.swift */,
				933B43B42BD3F8950099E4F8 /* TypeManager.swift */,
				933B43BE2BD3FD800099E4F8 /* Extensions.swift */,
				933B43C02BD3FEB20099E4F8 /* LogManager.swift */,
				933B43C22BD3FEC20099E4F8 /* ToolManager.swift */,
				93782EA62BD41179006C75D6 /* DataManager.swift */,
			);
			path = mng;
			sourceTree = "<group>";
		};
		933B43B62BD3F8980099E4F8 /* item */ = {
			isa = PBXGroup;
			children = (
				933B43B72BD3F89E0099E4F8 /* http */,
				933B43BC2BD3FB560099E4F8 /* NewsItem.swift */,
			);
			path = item;
			sourceTree = "<group>";
		};
		933B43B72BD3F89E0099E4F8 /* http */ = {
			isa = PBXGroup;
			children = (
				933B43B82BD3F8A60099E4F8 /* RequestInfo.swift */,
				933B43BA2BD3F8AC0099E4F8 /* ResponseInfo.swift */,
			);
			path = http;
			sourceTree = "<group>";
		};
/* End PBXGroup section */

/* Begin PBXNativeTarget section */
		933B43772BD3F6440099E4F8 /* NewsPaper */ = {
			isa = PBXNativeTarget;
			buildConfigurationList = 933B43A22BD3F6460099E4F8 /* Build configuration list for PBXNativeTarget "NewsPaper" */;
			buildPhases = (
				07FDE5EEC7ABFAA1C4EA8513 /* [CP] Check Pods Manifest.lock */,
				933B43742BD3F6440099E4F8 /* Sources */,
				933B43752BD3F6440099E4F8 /* Frameworks */,
				933B43762BD3F6440099E4F8 /* Resources */,
				01B28A9A599080F80CE91801 /* [CP] Embed Pods Frameworks */,
			);
			buildRules = (
			);
			dependencies = (
			);
			name = NewsPaper;
			productName = NewsPaper;
			productReference = 933B43782BD3F6440099E4F8 /* NewsPaper.app */;
			productType = "com.apple.product-type.application";
		};
		933B438D2BD3F6460099E4F8 /* NewsPaperTests */ = {
			isa = PBXNativeTarget;
			buildConfigurationList = 933B43A52BD3F6460099E4F8 /* Build configuration list for PBXNativeTarget "NewsPaperTests" */;
			buildPhases = (
				9A2459A62D6795ECA39B5107 /* [CP] Check Pods Manifest.lock */,
				933B438A2BD3F6460099E4F8 /* Sources */,
				933B438B2BD3F6460099E4F8 /* Frameworks */,
				933B438C2BD3F6460099E4F8 /* Resources */,
			);
			buildRules = (
			);
			dependencies = (
				933B43902BD3F6460099E4F8 /* PBXTargetDependency */,
			);
			name = NewsPaperTests;
			productName = NewsPaperTests;
			productReference = 933B438E2BD3F6460099E4F8 /* NewsPaperTests.xctest */;
			productType = "com.apple.product-type.bundle.unit-test";
		};
		933B43972BD3F6460099E4F8 /* NewsPaperUITests */ = {
			isa = PBXNativeTarget;
			buildConfigurationList = 933B43A82BD3F6460099E4F8 /* Build configuration list for PBXNativeTarget "NewsPaperUITests" */;
			buildPhases = (
				EE2369E632AC82C712414C8C /* [CP] Check Pods Manifest.lock */,
				933B43942BD3F6460099E4F8 /* Sources */,
				933B43952BD3F6460099E4F8 /* Frameworks */,
				933B43962BD3F6460099E4F8 /* Resources */,
				B995F9B189B410A76476321F /* [CP] Embed Pods Frameworks */,
			);
			buildRules = (
			);
			dependencies = (
				933B439A2BD3F6460099E4F8 /* PBXTargetDependency */,
			);
			name = NewsPaperUITests;
			productName = NewsPaperUITests;
			productReference = 933B43982BD3F6460099E4F8 /* NewsPaperUITests.xctest */;
			productType = "com.apple.product-type.bundle.ui-testing";
		};
/* End PBXNativeTarget section */

/* Begin PBXProject section */
		933B43702BD3F6440099E4F8 /* Project object */ = {
			isa = PBXProject;
			attributes = {
				BuildIndependentTargetsInParallel = 1;
				LastSwiftUpdateCheck = 1530;
				LastUpgradeCheck = 1530;
				TargetAttributes = {
					933B43772BD3F6440099E4F8 = {
						CreatedOnToolsVersion = 15.3;
					};
					933B438D2BD3F6460099E4F8 = {
						CreatedOnToolsVersion = 15.3;
						TestTargetID = 933B43772BD3F6440099E4F8;
					};
					933B43972BD3F6460099E4F8 = {
						CreatedOnToolsVersion = 15.3;
						TestTargetID = 933B43772BD3F6440099E4F8;
					};
				};
			};
			buildConfigurationList = 933B43732BD3F6440099E4F8 /* Build configuration list for PBXProject "NewsPaper" */;
			compatibilityVersion = "Xcode 14.0";
			developmentRegion = en;
			hasScannedForEncodings = 0;
			knownRegions = (
				en,
				Base,
			);
			mainGroup = 933B436F2BD3F6440099E4F8;
			productRefGroup = 933B43792BD3F6440099E4F8 /* Products */;
			projectDirPath = "";
			projectRoot = "";
			targets = (
				933B43772BD3F6440099E4F8 /* NewsPaper */,
				933B438D2BD3F6460099E4F8 /* NewsPaperTests */,
				933B43972BD3F6460099E4F8 /* NewsPaperUITests */,
			);
		};
/* End PBXProject section */

/* Begin PBXResourcesBuildPhase section */
		933B43762BD3F6440099E4F8 /* Resources */ = {
			isa = PBXResourcesBuildPhase;
			buildActionMask = 2147483647;
			files = (
				933B43852BD3F6460099E4F8 /* Assets.xcassets in Resources */,
				933B43882BD3F6460099E4F8 /* Base in Resources */,
				933B43832BD3F6450099E4F8 /* Base in Resources */,
			);
			runOnlyForDeploymentPostprocessing = 0;
		};
		933B438C2BD3F6460099E4F8 /* Resources */ = {
			isa = PBXResourcesBuildPhase;
			buildActionMask = 2147483647;
			files = (
			);
			runOnlyForDeploymentPostprocessing = 0;
		};
		933B43962BD3F6460099E4F8 /* Resources */ = {
			isa = PBXResourcesBuildPhase;
			buildActionMask = 2147483647;
			files = (
			);
			runOnlyForDeploymentPostprocessing = 0;
		};
/* End PBXResourcesBuildPhase section */

/* Begin PBXShellScriptBuildPhase section */
		01B28A9A599080F80CE91801 /* [CP] Embed Pods Frameworks */ = {
			isa = PBXShellScriptBuildPhase;
			buildActionMask = 2147483647;
			files = (
			);
			inputFileListPaths = (
				"${PODS_ROOT}/Target Support Files/Pods-NewsPaper/Pods-NewsPaper-frameworks-${CONFIGURATION}-input-files.xcfilelist",
			);
			name = "[CP] Embed Pods Frameworks";
			outputFileListPaths = (
				"${PODS_ROOT}/Target Support Files/Pods-NewsPaper/Pods-NewsPaper-frameworks-${CONFIGURATION}-output-files.xcfilelist",
			);
			runOnlyForDeploymentPostprocessing = 0;
			shellPath = /bin/sh;
			shellScript = "\"${PODS_ROOT}/Target Support Files/Pods-NewsPaper/Pods-NewsPaper-frameworks.sh\"\n";
			showEnvVarsInLog = 0;
		};
		07FDE5EEC7ABFAA1C4EA8513 /* [CP] Check Pods Manifest.lock */ = {
			isa = PBXShellScriptBuildPhase;
			buildActionMask = 2147483647;
			files = (
			);
			inputFileListPaths = (
			);
			inputPaths = (
				"${PODS_PODFILE_DIR_PATH}/Podfile.lock",
				"${PODS_ROOT}/Manifest.lock",
			);
			name = "[CP] Check Pods Manifest.lock";
			outputFileListPaths = (
			);
			outputPaths = (
				"$(DERIVED_FILE_DIR)/Pods-NewsPaper-checkManifestLockResult.txt",
			);
			runOnlyForDeploymentPostprocessing = 0;
			shellPath = /bin/sh;
			shellScript = "diff \"${PODS_PODFILE_DIR_PATH}/Podfile.lock\" \"${PODS_ROOT}/Manifest.lock\" > /dev/null\nif [ $? != 0 ] ; then\n    # print error to STDERR\n    echo \"error: The sandbox is not in sync with the Podfile.lock. Run 'pod install' or update your CocoaPods installation.\" >&2\n    exit 1\nfi\n# This output is used by Xcode 'outputs' to avoid re-running this script phase.\necho \"SUCCESS\" > \"${SCRIPT_OUTPUT_FILE_0}\"\n";
			showEnvVarsInLog = 0;
		};
		9A2459A62D6795ECA39B5107 /* [CP] Check Pods Manifest.lock */ = {
			isa = PBXShellScriptBuildPhase;
			buildActionMask = 2147483647;
			files = (
			);
			inputFileListPaths = (
			);
			inputPaths = (
				"${PODS_PODFILE_DIR_PATH}/Podfile.lock",
				"${PODS_ROOT}/Manifest.lock",
			);
			name = "[CP] Check Pods Manifest.lock";
			outputFileListPaths = (
			);
			outputPaths = (
				"$(DERIVED_FILE_DIR)/Pods-NewsPaperTests-checkManifestLockResult.txt",
			);
			runOnlyForDeploymentPostprocessing = 0;
			shellPath = /bin/sh;
			shellScript = "diff \"${PODS_PODFILE_DIR_PATH}/Podfile.lock\" \"${PODS_ROOT}/Manifest.lock\" > /dev/null\nif [ $? != 0 ] ; then\n    # print error to STDERR\n    echo \"error: The sandbox is not in sync with the Podfile.lock. Run 'pod install' or update your CocoaPods installation.\" >&2\n    exit 1\nfi\n# This output is used by Xcode 'outputs' to avoid re-running this script phase.\necho \"SUCCESS\" > \"${SCRIPT_OUTPUT_FILE_0}\"\n";
			showEnvVarsInLog = 0;
		};
		B995F9B189B410A76476321F /* [CP] Embed Pods Frameworks */ = {
			isa = PBXShellScriptBuildPhase;
			buildActionMask = 2147483647;
			files = (
			);
			inputFileListPaths = (
				"${PODS_ROOT}/Target Support Files/Pods-NewsPaper-NewsPaperUITests/Pods-NewsPaper-NewsPaperUITests-frameworks-${CONFIGURATION}-input-files.xcfilelist",
			);
			name = "[CP] Embed Pods Frameworks";
			outputFileListPaths = (
				"${PODS_ROOT}/Target Support Files/Pods-NewsPaper-NewsPaperUITests/Pods-NewsPaper-NewsPaperUITests-frameworks-${CONFIGURATION}-output-files.xcfilelist",
			);
			runOnlyForDeploymentPostprocessing = 0;
			shellPath = /bin/sh;
			shellScript = "\"${PODS_ROOT}/Target Support Files/Pods-NewsPaper-NewsPaperUITests/Pods-NewsPaper-NewsPaperUITests-frameworks.sh\"\n";
			showEnvVarsInLog = 0;
		};
		EE2369E632AC82C712414C8C /* [CP] Check Pods Manifest.lock */ = {
			isa = PBXShellScriptBuildPhase;
			buildActionMask = 2147483647;
			files = (
			);
			inputFileListPaths = (
			);
			inputPaths = (
				"${PODS_PODFILE_DIR_PATH}/Podfile.lock",
				"${PODS_ROOT}/Manifest.lock",
			);
			name = "[CP] Check Pods Manifest.lock";
			outputFileListPaths = (
			);
			outputPaths = (
				"$(DERIVED_FILE_DIR)/Pods-NewsPaper-NewsPaperUITests-checkManifestLockResult.txt",
			);
			runOnlyForDeploymentPostprocessing = 0;
			shellPath = /bin/sh;
			shellScript = "diff \"${PODS_PODFILE_DIR_PATH}/Podfile.lock\" \"${PODS_ROOT}/Manifest.lock\" > /dev/null\nif [ $? != 0 ] ; then\n    # print error to STDERR\n    echo \"error: The sandbox is not in sync with the Podfile.lock. Run 'pod install' or update your CocoaPods installation.\" >&2\n    exit 1\nfi\n# This output is used by Xcode 'outputs' to avoid re-running this script phase.\necho \"SUCCESS\" > \"${SCRIPT_OUTPUT_FILE_0}\"\n";
			showEnvVarsInLog = 0;
		};
/* End PBXShellScriptBuildPhase section */

/* Begin PBXSourcesBuildPhase section */
		933B43742BD3F6440099E4F8 /* Sources */ = {
			isa = PBXSourcesBuildPhase;
			buildActionMask = 2147483647;
			files = (
				933B43C12BD3FEB20099E4F8 /* LogManager.swift in Sources */,
				933B43802BD3F6450099E4F8 /* MainView.swift in Sources */,
				933B43BD2BD3FB560099E4F8 /* NewsItem.swift in Sources */,
				93782EA72BD41179006C75D6 /* DataManager.swift in Sources */,
				933B43B92BD3F8A60099E4F8 /* RequestInfo.swift in Sources */,
				933B437C2BD3F6440099E4F8 /* AppDelegate.swift in Sources */,
				933B437E2BD3F6450099E4F8 /* SceneDelegate.swift in Sources */,
				93A62FD32BD49ECC00E2C694 /* NewsViewModel.swift in Sources */,
				933B43AE2BD3F8110099E4F8 /* BaseView.swift in Sources */,
				933B43BB2BD3F8AC0099E4F8 /* ResponseInfo.swift in Sources */,
				933B43B12BD3F86F0099E4F8 /* CallManager.swift in Sources */,
				933B43B52BD3F8950099E4F8 /* TypeManager.swift in Sources */,
				933B43BF2BD3FD800099E4F8 /* Extensions.swift in Sources */,
				933B43C32BD3FEC20099E4F8 /* ToolManager.swift in Sources */,
				933B43B32BD3F8800099E4F8 /* DefineItem.swift in Sources */,
			);
			runOnlyForDeploymentPostprocessing = 0;
		};
		933B438A2BD3F6460099E4F8 /* Sources */ = {
			isa = PBXSourcesBuildPhase;
			buildActionMask = 2147483647;
			files = (
				933B43932BD3F6460099E4F8 /* NewsPaperTests.swift in Sources */,
			);
			runOnlyForDeploymentPostprocessing = 0;
		};
		933B43942BD3F6460099E4F8 /* Sources */ = {
			isa = PBXSourcesBuildPhase;
			buildActionMask = 2147483647;
			files = (
				933B439F2BD3F6460099E4F8 /* NewsPaperUITestsLaunchTests.swift in Sources */,
				933B439D2BD3F6460099E4F8 /* NewsPaperUITests.swift in Sources */,
			);
			runOnlyForDeploymentPostprocessing = 0;
		};
/* End PBXSourcesBuildPhase section */

/* Begin PBXTargetDependency section */
		933B43902BD3F6460099E4F8 /* PBXTargetDependency */ = {
			isa = PBXTargetDependency;
			target = 933B43772BD3F6440099E4F8 /* NewsPaper */;
			targetProxy = 933B438F2BD3F6460099E4F8 /* PBXContainerItemProxy */;
		};
		933B439A2BD3F6460099E4F8 /* PBXTargetDependency */ = {
			isa = PBXTargetDependency;
			target = 933B43772BD3F6440099E4F8 /* NewsPaper */;
			targetProxy = 933B43992BD3F6460099E4F8 /* PBXContainerItemProxy */;
		};
/* End PBXTargetDependency section */

/* Begin PBXVariantGroup section */
		933B43812BD3F6450099E4F8 /* Main.storyboard */ = {
			isa = PBXVariantGroup;
			children = (
				933B43822BD3F6450099E4F8 /* Base */,
			);
			name = Main.storyboard;
			sourceTree = "<group>";
		};
		933B43862BD3F6460099E4F8 /* LaunchScreen.storyboard */ = {
			isa = PBXVariantGroup;
			children = (
				933B43872BD3F6460099E4F8 /* Base */,
			);
			name = LaunchScreen.storyboard;
			sourceTree = "<group>";
		};
/* End PBXVariantGroup section */

/* Begin XCBuildConfiguration section */
		933B43A02BD3F6460099E4F8 /* Debug */ = {
			isa = XCBuildConfiguration;
			buildSettings = {
				ALWAYS_SEARCH_USER_PATHS = NO;
				ASSETCATALOG_COMPILER_GENERATE_SWIFT_ASSET_SYMBOL_EXTENSIONS = YES;
				CLANG_ANALYZER_NONNULL = YES;
				CLANG_ANALYZER_NUMBER_OBJECT_CONVERSION = YES_AGGRESSIVE;
				CLANG_CXX_LANGUAGE_STANDARD = "gnu++20";
				CLANG_ENABLE_MODULES = YES;
				CLANG_ENABLE_OBJC_ARC = YES;
				CLANG_ENABLE_OBJC_WEAK = YES;
				CLANG_WARN_BLOCK_CAPTURE_AUTORELEASING = YES;
				CLANG_WARN_BOOL_CONVERSION = YES;
				CLANG_WARN_COMMA = YES;
				CLANG_WARN_CONSTANT_CONVERSION = YES;
				CLANG_WARN_DEPRECATED_OBJC_IMPLEMENTATIONS = YES;
				CLANG_WARN_DIRECT_OBJC_ISA_USAGE = YES_ERROR;
				CLANG_WARN_DOCUMENTATION_COMMENTS = YES;
				CLANG_WARN_EMPTY_BODY = YES;
				CLANG_WARN_ENUM_CONVERSION = YES;
				CLANG_WARN_INFINITE_RECURSION = YES;
				CLANG_WARN_INT_CONVERSION = YES;
				CLANG_WARN_NON_LITERAL_NULL_CONVERSION = YES;
				CLANG_WARN_OBJC_IMPLICIT_RETAIN_SELF = YES;
				CLANG_WARN_OBJC_LITERAL_CONVERSION = YES;
				CLANG_WARN_OBJC_ROOT_CLASS = YES_ERROR;
				CLANG_WARN_QUOTED_INCLUDE_IN_FRAMEWORK_HEADER = YES;
				CLANG_WARN_RANGE_LOOP_ANALYSIS = YES;
				CLANG_WARN_STRICT_PROTOTYPES = YES;
				CLANG_WARN_SUSPICIOUS_MOVE = YES;
				CLANG_WARN_UNGUARDED_AVAILABILITY = YES_AGGRESSIVE;
				CLANG_WARN_UNREACHABLE_CODE = YES;
				CLANG_WARN__DUPLICATE_METHOD_MATCH = YES;
				COPY_PHASE_STRIP = NO;
				DEBUG_INFORMATION_FORMAT = dwarf;
				ENABLE_STRICT_OBJC_MSGSEND = YES;
				ENABLE_TESTABILITY = YES;
				ENABLE_USER_SCRIPT_SANDBOXING = YES;
				GCC_C_LANGUAGE_STANDARD = gnu17;
				GCC_DYNAMIC_NO_PIC = NO;
				GCC_NO_COMMON_BLOCKS = YES;
				GCC_OPTIMIZATION_LEVEL = 0;
				GCC_PREPROCESSOR_DEFINITIONS = (
					"DEBUG=1",
					"$(inherited)",
				);
				GCC_WARN_64_TO_32_BIT_CONVERSION = YES;
				GCC_WARN_ABOUT_RETURN_TYPE = YES_ERROR;
				GCC_WARN_UNDECLARED_SELECTOR = YES;
				GCC_WARN_UNINITIALIZED_AUTOS = YES_AGGRESSIVE;
				GCC_WARN_UNUSED_FUNCTION = YES;
				GCC_WARN_UNUSED_VARIABLE = YES;
				IPHONEOS_DEPLOYMENT_TARGET = 17.4;
				LOCALIZATION_PREFERS_STRING_CATALOGS = YES;
				MTL_ENABLE_DEBUG_INFO = INCLUDE_SOURCE;
				MTL_FAST_MATH = YES;
				ONLY_ACTIVE_ARCH = YES;
				SDKROOT = iphoneos;
				SWIFT_ACTIVE_COMPILATION_CONDITIONS = "DEBUG $(inherited)";
				SWIFT_OPTIMIZATION_LEVEL = "-Onone";
			};
			name = Debug;
		};
		933B43A12BD3F6460099E4F8 /* Release */ = {
			isa = XCBuildConfiguration;
			buildSettings = {
				ALWAYS_SEARCH_USER_PATHS = NO;
				ASSETCATALOG_COMPILER_GENERATE_SWIFT_ASSET_SYMBOL_EXTENSIONS = YES;
				CLANG_ANALYZER_NONNULL = YES;
				CLANG_ANALYZER_NUMBER_OBJECT_CONVERSION = YES_AGGRESSIVE;
				CLANG_CXX_LANGUAGE_STANDARD = "gnu++20";
				CLANG_ENABLE_MODULES = YES;
				CLANG_ENABLE_OBJC_ARC = YES;
				CLANG_ENABLE_OBJC_WEAK = YES;
				CLANG_WARN_BLOCK_CAPTURE_AUTORELEASING = YES;
				CLANG_WARN_BOOL_CONVERSION = YES;
				CLANG_WARN_COMMA = YES;
				CLANG_WARN_CONSTANT_CONVERSION = YES;
				CLANG_WARN_DEPRECATED_OBJC_IMPLEMENTATIONS = YES;
				CLANG_WARN_DIRECT_OBJC_ISA_USAGE = YES_ERROR;
				CLANG_WARN_DOCUMENTATION_COMMENTS = YES;
				CLANG_WARN_EMPTY_BODY = YES;
				CLANG_WARN_ENUM_CONVERSION = YES;
				CLANG_WARN_INFINITE_RECURSION = YES;
				CLANG_WARN_INT_CONVERSION = YES;
				CLANG_WARN_NON_LITERAL_NULL_CONVERSION = YES;
				CLANG_WARN_OBJC_IMPLICIT_RETAIN_SELF = YES;
				CLANG_WARN_OBJC_LITERAL_CONVERSION = YES;
				CLANG_WARN_OBJC_ROOT_CLASS = YES_ERROR;
				CLANG_WARN_QUOTED_INCLUDE_IN_FRAMEWORK_HEADER = YES;
				CLANG_WARN_RANGE_LOOP_ANALYSIS = YES;
				CLANG_WARN_STRICT_PROTOTYPES = YES;
				CLANG_WARN_SUSPICIOUS_MOVE = YES;
				CLANG_WARN_UNGUARDED_AVAILABILITY = YES_AGGRESSIVE;
				CLANG_WARN_UNREACHABLE_CODE = YES;
				CLANG_WARN__DUPLICATE_METHOD_MATCH = YES;
				COPY_PHASE_STRIP = NO;
				DEBUG_INFORMATION_FORMAT = "dwarf-with-dsym";
				ENABLE_NS_ASSERTIONS = NO;
				ENABLE_STRICT_OBJC_MSGSEND = YES;
				ENABLE_USER_SCRIPT_SANDBOXING = YES;
				GCC_C_LANGUAGE_STANDARD = gnu17;
				GCC_NO_COMMON_BLOCKS = YES;
				GCC_WARN_64_TO_32_BIT_CONVERSION = YES;
				GCC_WARN_ABOUT_RETURN_TYPE = YES_ERROR;
				GCC_WARN_UNDECLARED_SELECTOR = YES;
				GCC_WARN_UNINITIALIZED_AUTOS = YES_AGGRESSIVE;
				GCC_WARN_UNUSED_FUNCTION = YES;
				GCC_WARN_UNUSED_VARIABLE = YES;
				IPHONEOS_DEPLOYMENT_TARGET = 17.4;
				LOCALIZATION_PREFERS_STRING_CATALOGS = YES;
				MTL_ENABLE_DEBUG_INFO = NO;
				MTL_FAST_MATH = YES;
				SDKROOT = iphoneos;
				SWIFT_COMPILATION_MODE = wholemodule;
				VALIDATE_PRODUCT = YES;
			};
			name = Release;
		};
		933B43A32BD3F6460099E4F8 /* Debug */ = {
			isa = XCBuildConfiguration;
			baseConfigurationReference = 1E2182763BEBE27ED7B2700A /* Pods-NewsPaper.debug.xcconfig */;
			buildSettings = {
				ASSETCATALOG_COMPILER_APPICON_NAME = AppIcon;
				ASSETCATALOG_COMPILER_GLOBAL_ACCENT_COLOR_NAME = AccentColor;
				CODE_SIGN_STYLE = Automatic;
				CURRENT_PROJECT_VERSION = 1;
				DEVELOPMENT_TEAM = SEFJ4VR6PY;
				ENABLE_USER_SCRIPT_SANDBOXING = NO;
				GENERATE_INFOPLIST_FILE = YES;
				INFOPLIST_FILE = NewsPaper/SupportFiles/Info.plist;
				INFOPLIST_KEY_UIApplicationSupportsIndirectInputEvents = YES;
				INFOPLIST_KEY_UILaunchStoryboardName = LaunchScreen;
				INFOPLIST_KEY_UIMainStoryboardFile = Main;
				INFOPLIST_KEY_UISupportedInterfaceOrientations_iPad = "UIInterfaceOrientationPortrait UIInterfaceOrientationPortraitUpsideDown UIInterfaceOrientationLandscapeLeft UIInterfaceOrientationLandscapeRight";
				INFOPLIST_KEY_UISupportedInterfaceOrientations_iPhone = "UIInterfaceOrientationPortrait UIInterfaceOrientationLandscapeLeft UIInterfaceOrientationLandscapeRight";
				LD_RUNPATH_SEARCH_PATHS = (
					"$(inherited)",
					"@executable_path/Frameworks",
				);
				MARKETING_VERSION = 1.0.0;
				PRODUCT_BUNDLE_IDENTIFIER = com.devhouse.NewsPaper;
				PRODUCT_NAME = "$(TARGET_NAME)";
				SUPPORTED_PLATFORMS = "iphoneos iphonesimulator";
				SUPPORTS_MACCATALYST = NO;
				SUPPORTS_MAC_DESIGNED_FOR_IPHONE_IPAD = NO;
				SUPPORTS_XR_DESIGNED_FOR_IPHONE_IPAD = NO;
				SWIFT_EMIT_LOC_STRINGS = YES;
				SWIFT_VERSION = 5.0;
				TARGETED_DEVICE_FAMILY = "1,2";
			};
			name = Debug;
		};
		933B43A42BD3F6460099E4F8 /* Release */ = {
			isa = XCBuildConfiguration;
			baseConfigurationReference = E9226CA7B6CA0820B1A2EC73 /* Pods-NewsPaper.release.xcconfig */;
			buildSettings = {
				ASSETCATALOG_COMPILER_APPICON_NAME = AppIcon;
				ASSETCATALOG_COMPILER_GLOBAL_ACCENT_COLOR_NAME = AccentColor;
				CODE_SIGN_STYLE = Automatic;
				CURRENT_PROJECT_VERSION = 1;
				DEVELOPMENT_TEAM = SEFJ4VR6PY;
				ENABLE_USER_SCRIPT_SANDBOXING = NO;
				GENERATE_INFOPLIST_FILE = YES;
				INFOPLIST_FILE = NewsPaper/SupportFiles/Info.plist;
				INFOPLIST_KEY_UIApplicationSupportsIndirectInputEvents = YES;
				INFOPLIST_KEY_UILaunchStoryboardName = LaunchScreen;
				INFOPLIST_KEY_UIMainStoryboardFile = Main;
				INFOPLIST_KEY_UISupportedInterfaceOrientations_iPad = "UIInterfaceOrientationPortrait UIInterfaceOrientationPortraitUpsideDown UIInterfaceOrientationLandscapeLeft UIInterfaceOrientationLandscapeRight";
				INFOPLIST_KEY_UISupportedInterfaceOrientations_iPhone = "UIInterfaceOrientationPortrait UIInterfaceOrientationLandscapeLeft UIInterfaceOrientationLandscapeRight";
				LD_RUNPATH_SEARCH_PATHS = (
					"$(inherited)",
					"@executable_path/Frameworks",
				);
				MARKETING_VERSION = 1.0.0;
				PRODUCT_BUNDLE_IDENTIFIER = com.devhouse.NewsPaper;
				PRODUCT_NAME = "$(TARGET_NAME)";
				SUPPORTED_PLATFORMS = "iphoneos iphonesimulator";
				SUPPORTS_MACCATALYST = NO;
				SUPPORTS_MAC_DESIGNED_FOR_IPHONE_IPAD = NO;
				SUPPORTS_XR_DESIGNED_FOR_IPHONE_IPAD = NO;
				SWIFT_EMIT_LOC_STRINGS = YES;
				SWIFT_VERSION = 5.0;
				TARGETED_DEVICE_FAMILY = "1,2";
			};
			name = Release;
		};
		933B43A62BD3F6460099E4F8 /* Debug */ = {
			isa = XCBuildConfiguration;
			baseConfigurationReference = 83B48BD9CAAF428D0CBA90D4 /* Pods-NewsPaperTests.debug.xcconfig */;
			buildSettings = {
				ALWAYS_EMBED_SWIFT_STANDARD_LIBRARIES = YES;
				BUNDLE_LOADER = "$(TEST_HOST)";
				CODE_SIGN_STYLE = Automatic;
				CURRENT_PROJECT_VERSION = 1;
				DEVELOPMENT_TEAM = SEFJ4VR6PY;
				ENABLE_USER_SCRIPT_SANDBOXING = NO;
				GENERATE_INFOPLIST_FILE = YES;
				IPHONEOS_DEPLOYMENT_TARGET = 17.4;
				MARKETING_VERSION = 1.0;
				PRODUCT_BUNDLE_IDENTIFIER = com.devhouse.NewsPaperTests;
				PRODUCT_NAME = "$(TARGET_NAME)";
				SWIFT_EMIT_LOC_STRINGS = NO;
				SWIFT_VERSION = 5.0;
				TARGETED_DEVICE_FAMILY = "1,2";
				TEST_HOST = "$(BUILT_PRODUCTS_DIR)/NewsPaper.app/$(BUNDLE_EXECUTABLE_FOLDER_PATH)/NewsPaper";
			};
			name = Debug;
		};
		933B43A72BD3F6460099E4F8 /* Release */ = {
			isa = XCBuildConfiguration;
			baseConfigurationReference = 5189189F66BDA130D261D3F7 /* Pods-NewsPaperTests.release.xcconfig */;
			buildSettings = {
				ALWAYS_EMBED_SWIFT_STANDARD_LIBRARIES = YES;
				BUNDLE_LOADER = "$(TEST_HOST)";
				CODE_SIGN_STYLE = Automatic;
				CURRENT_PROJECT_VERSION = 1;
				DEVELOPMENT_TEAM = SEFJ4VR6PY;
				ENABLE_USER_SCRIPT_SANDBOXING = NO;
				GENERATE_INFOPLIST_FILE = YES;
				IPHONEOS_DEPLOYMENT_TARGET = 17.4;
				MARKETING_VERSION = 1.0;
				PRODUCT_BUNDLE_IDENTIFIER = com.devhouse.NewsPaperTests;
				PRODUCT_NAME = "$(TARGET_NAME)";
				SWIFT_EMIT_LOC_STRINGS = NO;
				SWIFT_VERSION = 5.0;
				TARGETED_DEVICE_FAMILY = "1,2";
				TEST_HOST = "$(BUILT_PRODUCTS_DIR)/NewsPaper.app/$(BUNDLE_EXECUTABLE_FOLDER_PATH)/NewsPaper";
			};
			name = Release;
		};
		933B43A92BD3F6460099E4F8 /* Debug */ = {
			isa = XCBuildConfiguration;
			baseConfigurationReference = C47905EDBDBE6A0AC12D6783 /* Pods-NewsPaper-NewsPaperUITests.debug.xcconfig */;
			buildSettings = {
				ALWAYS_EMBED_SWIFT_STANDARD_LIBRARIES = YES;
				CODE_SIGN_STYLE = Automatic;
				CURRENT_PROJECT_VERSION = 1;
				DEVELOPMENT_TEAM = SEFJ4VR6PY;
				ENABLE_USER_SCRIPT_SANDBOXING = NO;
				GENERATE_INFOPLIST_FILE = YES;
				MARKETING_VERSION = 1.0;
				PRODUCT_BUNDLE_IDENTIFIER = com.devhouse.NewsPaperUITests;
				PRODUCT_NAME = "$(TARGET_NAME)";
				SWIFT_EMIT_LOC_STRINGS = NO;
				SWIFT_VERSION = 5.0;
				TARGETED_DEVICE_FAMILY = "1,2";
				TEST_TARGET_NAME = NewsPaper;
			};
			name = Debug;
		};
		933B43AA2BD3F6460099E4F8 /* Release */ = {
			isa = XCBuildConfiguration;
			baseConfigurationReference = E2203714441EA4BDA6F9CF9D /* Pods-NewsPaper-NewsPaperUITests.release.xcconfig */;
			buildSettings = {
				ALWAYS_EMBED_SWIFT_STANDARD_LIBRARIES = YES;
				CODE_SIGN_STYLE = Automatic;
				CURRENT_PROJECT_VERSION = 1;
				DEVELOPMENT_TEAM = SEFJ4VR6PY;
				ENABLE_USER_SCRIPT_SANDBOXING = NO;
				GENERATE_INFOPLIST_FILE = YES;
				MARKETING_VERSION = 1.0;
				PRODUCT_BUNDLE_IDENTIFIER = com.devhouse.NewsPaperUITests;
				PRODUCT_NAME = "$(TARGET_NAME)";
				SWIFT_EMIT_LOC_STRINGS = NO;
				SWIFT_VERSION = 5.0;
				TARGETED_DEVICE_FAMILY = "1,2";
				TEST_TARGET_NAME = NewsPaper;
			};
			name = Release;
		};
/* End XCBuildConfiguration section */

/* Begin XCConfigurationList section */
		933B43732BD3F6440099E4F8 /* Build configuration list for PBXProject "NewsPaper" */ = {
			isa = XCConfigurationList;
			buildConfigurations = (
				933B43A02BD3F6460099E4F8 /* Debug */,
				933B43A12BD3F6460099E4F8 /* Release */,
			);
			defaultConfigurationIsVisible = 0;
			defaultConfigurationName = Release;
		};
		933B43A22BD3F6460099E4F8 /* Build configuration list for PBXNativeTarget "NewsPaper" */ = {
			isa = XCConfigurationList;
			buildConfigurations = (
				933B43A32BD3F6460099E4F8 /* Debug */,
				933B43A42BD3F6460099E4F8 /* Release */,
			);
			defaultConfigurationIsVisible = 0;
			defaultConfigurationName = Release;
		};
		933B43A52BD3F6460099E4F8 /* Build configuration list for PBXNativeTarget "NewsPaperTests" */ = {
			isa = XCConfigurationList;
			buildConfigurations = (
				933B43A62BD3F6460099E4F8 /* Debug */,
				933B43A72BD3F6460099E4F8 /* Release */,
			);
			defaultConfigurationIsVisible = 0;
			defaultConfigurationName = Release;
		};
		933B43A82BD3F6460099E4F8 /* Build configuration list for PBXNativeTarget "NewsPaperUITests" */ = {
			isa = XCConfigurationList;
			buildConfigurations = (
				933B43A92BD3F6460099E4F8 /* Debug */,
				933B43AA2BD3F6460099E4F8 /* Release */,
			);
			defaultConfigurationIsVisible = 0;
			defaultConfigurationName = Release;
		};
/* End XCConfigurationList section */
	};
	rootObject = 933B43702BD3F6440099E4F8 /* Project object */;
}
